Microsoft Visual Studio Solution File, Format Version 12.00
# Visual Studio 15
VisualStudioVersion = 15.0.27703.2042
MinimumVisualStudioVersion = 10.0.40219.1
Project("{FAE04EC0-301F-11D3-BF4B-00C04F79EFBC}") = "GameDebugger", "GameDebugger\GameDebugger.csproj", "{61D53BD6-B088-4B39-BE2E-95034EDAAC3B}"
EndProject
Project("{FAE04EC0-301F-11D3-BF4B-00C04F79EFBC}") = "CorePlugin", "CorePlugin\CorePlugin.csproj", "{AFE883F3-72B4-4C7C-A1D1-44EDC09C8F6E}"
EndProject
Project("{FAE04EC0-301F-11D3-BF4B-00C04F79EFBC}") = "CameraController", "AdamsLair.Duality.Samples.CameraController\CameraController.csproj", "{3FC49A5C-EDF1-4AE6-9EF6-6635296102EF}"
EndProject
Global
	GlobalSection(SolutionConfigurationPlatforms) = preSolution
		Debug|Any CPU = Debug|Any CPU
		Release|Any CPU = Release|Any CPU
	EndGlobalSection
	GlobalSection(ProjectConfigurationPlatforms) = postSolution
		{61D53BD6-B088-4B39-BE2E-95034EDAAC3B}.Debug|Any CPU.ActiveCfg = Debug|Any CPU
		{61D53BD6-B088-4B39-BE2E-95034EDAAC3B}.Debug|Any CPU.Build.0 = Debug|Any CPU
		{61D53BD6-B088-4B39-BE2E-95034EDAAC3B}.Release|Any CPU.ActiveCfg = Release|Any CPU
		{61D53BD6-B088-4B39-BE2E-95034EDAAC3B}.Release|Any CPU.Build.0 = Release|Any CPU
		{AFE883F3-72B4-4C7C-A1D1-44EDC09C8F6E}.Debug|Any CPU.ActiveCfg = Debug|Any CPU
		{AFE883F3-72B4-4C7C-A1D1-44EDC09C8F6E}.Debug|Any CPU.Build.0 = Debug|Any CPU
		{AFE883F3-72B4-4C7C-A1D1-44EDC09C8F6E}.Release|Any CPU.ActiveCfg = Release|Any CPU
		{AFE883F3-72B4-4C7C-A1D1-44EDC09C8F6E}.Release|Any CPU.Build.0 = Release|Any CPU
		{3FC49A5C-EDF1-4AE6-9EF6-6635296102EF}.Debug|Any CPU.ActiveCfg = Debug|Any CPU
		{3FC49A5C-EDF1-4AE6-9EF6-6635296102EF}.Debug|Any CPU.Build.0 = Debug|Any CPU
		{3FC49A5C-EDF1-4AE6-9EF6-6635296102EF}.Release|Any CPU.ActiveCfg = Release|Any CPU
		{3FC49A5C-EDF1-4AE6-9EF6-6635296102EF}.Release|Any CPU.Build.0 = Release|Any CPU
	EndGlobalSection
	GlobalSection(SolutionProperties) = preSolution
		HideSolutionNode = FALSE
	EndGlobalSection
	GlobalSection(ExtensibilityGlobals) = postSolution
		SolutionGuid = {87C66EA2-8264-4737-A161-12ED8FE8216F}
	EndGlobalSection
EndGlobal
